
Microsoft Visual Studio Solution File, Format Version 12.00
# Visual Studio Version 16
VisualStudioVersion = 16.0.30204.135
MinimumVisualStudioVersion = 10.0.40219.1
Project("{FAE04EC0-301F-11D3-BF4B-00C04F79EFBC}") = "MultiplayerFrameworkModelsLibrary", "MultiplayerFrameworkModelsLibrary\MultiplayerFrameworkModelsLibrary.csproj", "{DF6341A0-6421-4968-BFE0-5F558041A8B3}"
EndProject
Project("{FAE04EC0-301F-11D3-BF4B-00C04F79EFBC}") = "MultiplayerFrameworkDataLibrary", "MultiplayerFrameworkDataLibrary\MultiplayerFrameworkDataLibrary.csproj", "{1A6B9B39-01FC-4C22-BA8B-6B86ECA6B1F5}"
EndProject
Global
	GlobalSection(SolutionConfigurationPlatforms) = preSolution
		Debug|Any CPU = Debug|Any CPU
		Release|Any CPU = Release|Any CPU
	EndGlobalSection
	GlobalSection(ProjectConfigurationPlatforms) = postSolution
		{DF6341A0-6421-4968-BFE0-5F558041A8B3}.Debug|Any CPU.ActiveCfg = Debug|Any CPU
		{DF6341A0-6421-4968-BFE0-5F558041A8B3}.Debug|Any CPU.Build.0 = Debug|Any CPU
		{DF6341A0-6421-4968-BFE0-5F558041A8B3}.Release|Any CPU.ActiveCfg = Release|Any CPU
		{DF6341A0-6421-4968-BFE0-5F558041A8B3}.Release|Any CPU.Build.0 = Release|Any CPU
		{1A6B9B39-01FC-4C22-BA8B-6B86ECA6B1F5}.Debug|Any CPU.ActiveCfg = Debug|Any CPU
		{1A6B9B39-01FC-4C22-BA8B-6B86ECA6B1F5}.Debug|Any CPU.Build.0 = Debug|Any CPU
		{1A6B9B39-01FC-4C22-BA8B-6B86ECA6B1F5}.Release|Any CPU.ActiveCfg = Release|Any CPU
		{1A6B9B39-01FC-4C22-BA8B-6B86ECA6B1F5}.Release|Any CPU.Build.0 = Release|Any CPU
	EndGlobalSection
	GlobalSection(SolutionProperties) = preSolution
		HideSolutionNode = FALSE
	EndGlobalSection
	GlobalSection(ExtensibilityGlobals) = postSolution
		SolutionGuid = {0E73BEE4-0934-43A2-BA80-AE39F6CB7A87}
	EndGlobalSection
EndGlobal
