
Microsoft Visual Studio Solution File, Format Version 12.00
# Visual Studio Version 16
VisualStudioVersion = 16.0.30204.135
MinimumVisualStudioVersion = 10.0.40219.1
Project("{9A19103F-16F7-4668-BE54-9A1E7A4F7556}") = "MWFModelsLibrary", "MWFModelsLibrary\MWFModelsLibrary.csproj", "{844F77AD-4458-4BC7-91D1-BBAEB2A3550F}"
EndProject
Project("{9A19103F-16F7-4668-BE54-9A1E7A4F7556}") = "HostServicesAPI", "HostServicesAPI\HostServicesAPI.csproj", "{6E3234CD-5405-43D7-A600-FF75C71D0D99}"
EndProject
Global
	GlobalSection(SolutionConfigurationPlatforms) = preSolution
		Debug|Any CPU = Debug|Any CPU
		Release|Any CPU = Release|Any CPU
	EndGlobalSection
	GlobalSection(ProjectConfigurationPlatforms) = postSolution
		{844F77AD-4458-4BC7-91D1-BBAEB2A3550F}.Debug|Any CPU.ActiveCfg = Debug|Any CPU
		{844F77AD-4458-4BC7-91D1-BBAEB2A3550F}.Debug|Any CPU.Build.0 = Debug|Any CPU
		{844F77AD-4458-4BC7-91D1-BBAEB2A3550F}.Release|Any CPU.ActiveCfg = Release|Any CPU
		{844F77AD-4458-4BC7-91D1-BBAEB2A3550F}.Release|Any CPU.Build.0 = Release|Any CPU
		{6E3234CD-5405-43D7-A600-FF75C71D0D99}.Debug|Any CPU.ActiveCfg = Debug|Any CPU
		{6E3234CD-5405-43D7-A600-FF75C71D0D99}.Debug|Any CPU.Build.0 = Debug|Any CPU
		{6E3234CD-5405-43D7-A600-FF75C71D0D99}.Release|Any CPU.ActiveCfg = Release|Any CPU
		{6E3234CD-5405-43D7-A600-FF75C71D0D99}.Release|Any CPU.Build.0 = Release|Any CPU
	EndGlobalSection
	GlobalSection(SolutionProperties) = preSolution
		HideSolutionNode = FALSE
	EndGlobalSection
	GlobalSection(ExtensibilityGlobals) = postSolution
		SolutionGuid = {0E73BEE4-0934-43A2-BA80-AE39F6CB7A87}
	EndGlobalSection
EndGlobal
